
Microsoft Visual Studio Solution File, Format Version 12.00
# Visual Studio Version 17
VisualStudioVersion = 17.11.35222.181
MinimumVisualStudioVersion = 10.0.40219.1
Project("{9A19103F-16F7-4668-BE54-9A1E7A4F7556}") = "LogisticsApp", "LogisticsApp\LogisticsApp.csproj", "{C8FBD9C7-E514-4C80-A8DB-21694AFC062B}"
EndProject
Global
	GlobalSection(SolutionConfigurationPlatforms) = preSolution
		Debug|Any CPU = Debug|Any CPU
		Release|Any CPU = Release|Any CPU
	EndGlobalSection
	GlobalSection(ProjectConfigurationPlatforms) = postSolution
		{C8FBD9C7-E514-4C80-A8DB-21694AFC062B}.Debug|Any CPU.ActiveCfg = Debug|Any CPU
		{C8FBD9C7-E514-4C80-A8DB-21694AFC062B}.Debug|Any CPU.Build.0 = Debug|Any CPU
		{C8FBD9C7-E514-4C80-A8DB-21694AFC062B}.Release|Any CPU.ActiveCfg = Release|Any CPU
		{C8FBD9C7-E514-4C80-A8DB-21694AFC062B}.Release|Any CPU.Build.0 = Release|Any CPU
	EndGlobalSection
	GlobalSection(SolutionProperties) = preSolution
		HideSolutionNode = FALSE
	EndGlobalSection
	GlobalSection(ExtensibilityGlobals) = postSolution
		SolutionGuid = {B5163FDB-2E8F-4CD6-A445-5879140060D4}
	EndGlobalSection
EndGlobal
